
Microsoft Visual Studio Solution File, Format Version 12.00
# Visual Studio 15
VisualStudioVersion = 15.0.26403.3
MinimumVisualStudioVersion = 10.0.40219.1
Project("{8BC9CEB8-8B4A-11D0-8D11-00A0C91BC942}") = "btrlib", "project\btrlib\btrlib.vcxproj", "{6AB61332-963C-4D53-B5FF-04B3A9689E23}"
EndProject
Project("{8BC9CEB8-8B4A-11D0-8D11-00A0C91BC942}") = "001_clear", "project\001_clear\001_clear.vcxproj", "{9D196D9A-E017-48D0-A7AC-575884143DBF}"
	ProjectSection(ProjectDependencies) = postProject
		{6AB61332-963C-4D53-B5FF-04B3A9689E23} = {6AB61332-963C-4D53-B5FF-04B3A9689E23}
	EndProjectSection
EndProject
Project("{8BC9CEB8-8B4A-11D0-8D11-00A0C91BC942}") = "002_model_instancing", "project\002_model\002_model.vcxproj", "{F976A1FD-91A8-4AE6-9214-B70826CD1420}"
	ProjectSection(ProjectDependencies) = postProject
		{6AB61332-963C-4D53-B5FF-04B3A9689E23} = {6AB61332-963C-4D53-B5FF-04B3A9689E23}
		{C902CBC4-17CF-47BA-B10E-DA6F79032944} = {C902CBC4-17CF-47BA-B10E-DA6F79032944}
	EndProjectSection
EndProject
Project("{8BC9CEB8-8B4A-11D0-8D11-00A0C91BC942}") = "003_particle", "project\003_particle\003_particle.vcxproj", "{A01E6241-06AC-44A5-8288-6EFF9DE493D9}"
	ProjectSection(ProjectDependencies) = postProject
		{6AB61332-963C-4D53-B5FF-04B3A9689E23} = {6AB61332-963C-4D53-B5FF-04B3A9689E23}
		{C902CBC4-17CF-47BA-B10E-DA6F79032944} = {C902CBC4-17CF-47BA-B10E-DA6F79032944}
	EndProjectSection
EndProject
Project("{8BC9CEB8-8B4A-11D0-8D11-00A0C91BC942}") = "000_api_test", "project\000_api_test\000_api_test.vcxproj", "{6DA8177B-2EF7-40C6-9A88-03B67CA43DD7}"
	ProjectSection(ProjectDependencies) = postProject
		{6AB61332-963C-4D53-B5FF-04B3A9689E23} = {6AB61332-963C-4D53-B5FF-04B3A9689E23}
		{D7234B59-605E-448A-8E53-D7E19C6CF2B6} = {D7234B59-605E-448A-8E53-D7E19C6CF2B6}
		{C902CBC4-17CF-47BA-B10E-DA6F79032944} = {C902CBC4-17CF-47BA-B10E-DA6F79032944}
	EndProjectSection
EndProject
Project("{8BC9CEB8-8B4A-11D0-8D11-00A0C91BC942}") = "004_model", "project\004_model\004_model.vcxproj", "{DCAE31AE-D2C5-445F-B5B7-6900CE7773BC}"
	ProjectSection(ProjectDependencies) = postProject
		{6AB61332-963C-4D53-B5FF-04B3A9689E23} = {6AB61332-963C-4D53-B5FF-04B3A9689E23}
		{C902CBC4-17CF-47BA-B10E-DA6F79032944} = {C902CBC4-17CF-47BA-B10E-DA6F79032944}
	EndProjectSection
EndProject
Project("{8BC9CEB8-8B4A-11D0-8D11-00A0C91BC942}") = "999_game", "project\999_game\999_game.vcxproj", "{FFC0F5CA-723C-474F-8444-411F3F86CF8F}"
	ProjectSection(ProjectDependencies) = postProject
		{6AB61332-963C-4D53-B5FF-04B3A9689E23} = {6AB61332-963C-4D53-B5FF-04B3A9689E23}
		{C902CBC4-17CF-47BA-B10E-DA6F79032944} = {C902CBC4-17CF-47BA-B10E-DA6F79032944}
	EndProjectSection
EndProject
Project("{8BC9CEB8-8B4A-11D0-8D11-00A0C91BC942}") = "005_volume_rendering", "project\005_volume_rendering\005_volume_rendering.vcxproj", "{2E94C7AB-E275-42CE-89B6-DE14ACD8AD10}"
	ProjectSection(ProjectDependencies) = postProject
		{6AB61332-963C-4D53-B5FF-04B3A9689E23} = {6AB61332-963C-4D53-B5FF-04B3A9689E23}
		{C902CBC4-17CF-47BA-B10E-DA6F79032944} = {C902CBC4-17CF-47BA-B10E-DA6F79032944}
	EndProjectSection
EndProject
Project("{8BC9CEB8-8B4A-11D0-8D11-00A0C91BC942}") = "006_voxel_based_GI", "project\006_voxel_based_GI\006_voxel_based_GI.vcxproj", "{C10DF2B6-C703-46F2-994A-139C5CD52BD5}"
	ProjectSection(ProjectDependencies) = postProject
		{6AB61332-963C-4D53-B5FF-04B3A9689E23} = {6AB61332-963C-4D53-B5FF-04B3A9689E23}
		{C902CBC4-17CF-47BA-B10E-DA6F79032944} = {C902CBC4-17CF-47BA-B10E-DA6F79032944}
	EndProjectSection
EndProject
Project("{8BC9CEB8-8B4A-11D0-8D11-00A0C91BC942}") = "007_multi_window", "project\007_multi_window\007_multi_window.vcxproj", "{0659FD78-3BCE-4029-921F-041B2A955D07}"
	ProjectSection(ProjectDependencies) = postProject
		{6AB61332-963C-4D53-B5FF-04B3A9689E23} = {6AB61332-963C-4D53-B5FF-04B3A9689E23}
		{D7234B59-605E-448A-8E53-D7E19C6CF2B6} = {D7234B59-605E-448A-8E53-D7E19C6CF2B6}
		{C902CBC4-17CF-47BA-B10E-DA6F79032944} = {C902CBC4-17CF-47BA-B10E-DA6F79032944}
	EndProjectSection
EndProject
Project("{2150E333-8FDC-42A3-9474-1A3956D46DE8}") = "external", "external", "{C30D6B44-918A-4860-81BD-EDF76C36E3A2}"
EndProject
Project("{8BC9CEB8-8B4A-11D0-8D11-00A0C91BC942}") = "imgui", "external\imgui.vcxproj", "{D7234B59-605E-448A-8E53-D7E19C6CF2B6}"
EndProject
Project("{8BC9CEB8-8B4A-11D0-8D11-00A0C91BC942}") = "008_photon_mapping", "project\008_photon_mapping\008_photon_mapping.vcxproj", "{53C4AED0-5B4A-4B7E-B35C-D0D01B7D760C}"
	ProjectSection(ProjectDependencies) = postProject
		{6AB61332-963C-4D53-B5FF-04B3A9689E23} = {6AB61332-963C-4D53-B5FF-04B3A9689E23}
		{C902CBC4-17CF-47BA-B10E-DA6F79032944} = {C902CBC4-17CF-47BA-B10E-DA6F79032944}
	EndProjectSection
EndProject
Project("{8BC9CEB8-8B4A-11D0-8D11-00A0C91BC942}") = "applib", "project\applib\applib.vcxproj", "{C902CBC4-17CF-47BA-B10E-DA6F79032944}"
	ProjectSection(ProjectDependencies) = postProject
		{6AB61332-963C-4D53-B5FF-04B3A9689E23} = {6AB61332-963C-4D53-B5FF-04B3A9689E23}
		{D7234B59-605E-448A-8E53-D7E19C6CF2B6} = {D7234B59-605E-448A-8E53-D7E19C6CF2B6}
	EndProjectSection
EndProject
Project("{8BC9CEB8-8B4A-11D0-8D11-00A0C91BC942}") = "009_culling", "project\009_culling\009_culling.vcxproj", "{EDACA061-B99E-45EF-BD6B-501FDE10B32B}"
	ProjectSection(ProjectDependencies) = postProject
		{6AB61332-963C-4D53-B5FF-04B3A9689E23} = {6AB61332-963C-4D53-B5FF-04B3A9689E23}
		{C902CBC4-17CF-47BA-B10E-DA6F79032944} = {C902CBC4-17CF-47BA-B10E-DA6F79032944}
	EndProjectSection
EndProject
Project("{8BC9CEB8-8B4A-11D0-8D11-00A0C91BC942}") = "010_sound", "project\010_sound\010_sound.vcxproj", "{39A725CE-075D-4CF0-9C42-EA5CF81D8411}"
	ProjectSection(ProjectDependencies) = postProject
		{6AB61332-963C-4D53-B5FF-04B3A9689E23} = {6AB61332-963C-4D53-B5FF-04B3A9689E23}
		{C902CBC4-17CF-47BA-B10E-DA6F79032944} = {C902CBC4-17CF-47BA-B10E-DA6F79032944}
	EndProjectSection
EndProject
Project("{8BC9CEB8-8B4A-11D0-8D11-00A0C91BC942}") = "011_ui", "project\011_ui\011_ui.vcxproj", "{754AD9DC-0D64-4EBC-AFCF-E541E47E66D9}"
	ProjectSection(ProjectDependencies) = postProject
		{6AB61332-963C-4D53-B5FF-04B3A9689E23} = {6AB61332-963C-4D53-B5FF-04B3A9689E23}
		{C902CBC4-17CF-47BA-B10E-DA6F79032944} = {C902CBC4-17CF-47BA-B10E-DA6F79032944}
	EndProjectSection
EndProject
Project("{8BC9CEB8-8B4A-11D0-8D11-00A0C91BC942}") = "012_imgui", "project\012_imgui\012_imgui.vcxproj", "{6838AC1D-030D-41D8-9813-BE41EC46B7A2}"
	ProjectSection(ProjectDependencies) = postProject
		{6AB61332-963C-4D53-B5FF-04B3A9689E23} = {6AB61332-963C-4D53-B5FF-04B3A9689E23}
		{D7234B59-605E-448A-8E53-D7E19C6CF2B6} = {D7234B59-605E-448A-8E53-D7E19C6CF2B6}
		{C902CBC4-17CF-47BA-B10E-DA6F79032944} = {C902CBC4-17CF-47BA-B10E-DA6F79032944}
	EndProjectSection
EndProject
Global
	GlobalSection(SolutionConfigurationPlatforms) = preSolution
		Debug|x64 = Debug|x64
		Debug|x86 = Debug|x86
		Release|x64 = Release|x64
		Release|x86 = Release|x86
	EndGlobalSection
	GlobalSection(ProjectConfigurationPlatforms) = postSolution
		{6AB61332-963C-4D53-B5FF-04B3A9689E23}.Debug|x64.ActiveCfg = Debug|x64
		{6AB61332-963C-4D53-B5FF-04B3A9689E23}.Debug|x64.Build.0 = Debug|x64
		{6AB61332-963C-4D53-B5FF-04B3A9689E23}.Debug|x86.ActiveCfg = Debug|x64
		{6AB61332-963C-4D53-B5FF-04B3A9689E23}.Release|x64.ActiveCfg = Release|x64
		{6AB61332-963C-4D53-B5FF-04B3A9689E23}.Release|x64.Build.0 = Release|x64
		{6AB61332-963C-4D53-B5FF-04B3A9689E23}.Release|x86.ActiveCfg = Release|x64
		{9D196D9A-E017-48D0-A7AC-575884143DBF}.Debug|x64.ActiveCfg = Debug|x64
		{9D196D9A-E017-48D0-A7AC-575884143DBF}.Debug|x64.Build.0 = Debug|x64
		{9D196D9A-E017-48D0-A7AC-575884143DBF}.Debug|x86.ActiveCfg = Debug|x64
		{9D196D9A-E017-48D0-A7AC-575884143DBF}.Release|x64.ActiveCfg = Release|x64
		{9D196D9A-E017-48D0-A7AC-575884143DBF}.Release|x64.Build.0 = Release|x64
		{9D196D9A-E017-48D0-A7AC-575884143DBF}.Release|x86.ActiveCfg = Release|x64
		{F976A1FD-91A8-4AE6-9214-B70826CD1420}.Debug|x64.ActiveCfg = Debug|x64
		{F976A1FD-91A8-4AE6-9214-B70826CD1420}.Debug|x64.Build.0 = Debug|x64
		{F976A1FD-91A8-4AE6-9214-B70826CD1420}.Debug|x86.ActiveCfg = Debug|x64
		{F976A1FD-91A8-4AE6-9214-B70826CD1420}.Release|x64.ActiveCfg = Release|x64
		{F976A1FD-91A8-4AE6-9214-B70826CD1420}.Release|x64.Build.0 = Release|x64
		{F976A1FD-91A8-4AE6-9214-B70826CD1420}.Release|x86.ActiveCfg = Release|x64
		{A01E6241-06AC-44A5-8288-6EFF9DE493D9}.Debug|x64.ActiveCfg = Debug|x64
		{A01E6241-06AC-44A5-8288-6EFF9DE493D9}.Debug|x64.Build.0 = Debug|x64
		{A01E6241-06AC-44A5-8288-6EFF9DE493D9}.Debug|x86.ActiveCfg = Debug|x64
		{A01E6241-06AC-44A5-8288-6EFF9DE493D9}.Release|x64.ActiveCfg = Release|x64
		{A01E6241-06AC-44A5-8288-6EFF9DE493D9}.Release|x64.Build.0 = Release|x64
		{A01E6241-06AC-44A5-8288-6EFF9DE493D9}.Release|x86.ActiveCfg = Release|x64
		{6DA8177B-2EF7-40C6-9A88-03B67CA43DD7}.Debug|x64.ActiveCfg = Debug|x64
		{6DA8177B-2EF7-40C6-9A88-03B67CA43DD7}.Debug|x64.Build.0 = Debug|x64
		{6DA8177B-2EF7-40C6-9A88-03B67CA43DD7}.Debug|x86.ActiveCfg = Debug|x64
		{6DA8177B-2EF7-40C6-9A88-03B67CA43DD7}.Release|x64.ActiveCfg = Release|x64
		{6DA8177B-2EF7-40C6-9A88-03B67CA43DD7}.Release|x64.Build.0 = Release|x64
		{6DA8177B-2EF7-40C6-9A88-03B67CA43DD7}.Release|x86.ActiveCfg = Release|x64
		{DCAE31AE-D2C5-445F-B5B7-6900CE7773BC}.Debug|x64.ActiveCfg = Debug|x64
		{DCAE31AE-D2C5-445F-B5B7-6900CE7773BC}.Debug|x64.Build.0 = Debug|x64
		{DCAE31AE-D2C5-445F-B5B7-6900CE7773BC}.Debug|x86.ActiveCfg = Debug|x64
		{DCAE31AE-D2C5-445F-B5B7-6900CE7773BC}.Release|x64.ActiveCfg = Release|x64
		{DCAE31AE-D2C5-445F-B5B7-6900CE7773BC}.Release|x64.Build.0 = Release|x64
		{DCAE31AE-D2C5-445F-B5B7-6900CE7773BC}.Release|x86.ActiveCfg = Release|x64
		{FFC0F5CA-723C-474F-8444-411F3F86CF8F}.Debug|x64.ActiveCfg = Debug|x64
		{FFC0F5CA-723C-474F-8444-411F3F86CF8F}.Debug|x64.Build.0 = Debug|x64
		{FFC0F5CA-723C-474F-8444-411F3F86CF8F}.Debug|x86.ActiveCfg = Debug|x64
		{FFC0F5CA-723C-474F-8444-411F3F86CF8F}.Release|x64.ActiveCfg = Release|x64
		{FFC0F5CA-723C-474F-8444-411F3F86CF8F}.Release|x64.Build.0 = Release|x64
		{FFC0F5CA-723C-474F-8444-411F3F86CF8F}.Release|x86.ActiveCfg = Release|x64
		{2E94C7AB-E275-42CE-89B6-DE14ACD8AD10}.Debug|x64.ActiveCfg = Debug|x64
		{2E94C7AB-E275-42CE-89B6-DE14ACD8AD10}.Debug|x64.Build.0 = Debug|x64
		{2E94C7AB-E275-42CE-89B6-DE14ACD8AD10}.Debug|x86.ActiveCfg = Debug|x64
		{2E94C7AB-E275-42CE-89B6-DE14ACD8AD10}.Release|x64.ActiveCfg = Release|x64
		{2E94C7AB-E275-42CE-89B6-DE14ACD8AD10}.Release|x64.Build.0 = Release|x64
		{2E94C7AB-E275-42CE-89B6-DE14ACD8AD10}.Release|x86.ActiveCfg = Release|x64
		{C10DF2B6-C703-46F2-994A-139C5CD52BD5}.Debug|x64.ActiveCfg = Debug|x64
		{C10DF2B6-C703-46F2-994A-139C5CD52BD5}.Debug|x64.Build.0 = Debug|x64
		{C10DF2B6-C703-46F2-994A-139C5CD52BD5}.Debug|x86.ActiveCfg = Debug|x64
		{C10DF2B6-C703-46F2-994A-139C5CD52BD5}.Release|x64.ActiveCfg = Release|x64
		{C10DF2B6-C703-46F2-994A-139C5CD52BD5}.Release|x64.Build.0 = Release|x64
		{C10DF2B6-C703-46F2-994A-139C5CD52BD5}.Release|x86.ActiveCfg = Release|x64
		{0659FD78-3BCE-4029-921F-041B2A955D07}.Debug|x64.ActiveCfg = Debug|x64
		{0659FD78-3BCE-4029-921F-041B2A955D07}.Debug|x64.Build.0 = Debug|x64
		{0659FD78-3BCE-4029-921F-041B2A955D07}.Debug|x86.ActiveCfg = Debug|x64
		{0659FD78-3BCE-4029-921F-041B2A955D07}.Release|x64.ActiveCfg = Release|x64
		{0659FD78-3BCE-4029-921F-041B2A955D07}.Release|x64.Build.0 = Release|x64
		{0659FD78-3BCE-4029-921F-041B2A955D07}.Release|x86.ActiveCfg = Release|x64
		{D7234B59-605E-448A-8E53-D7E19C6CF2B6}.Debug|x64.ActiveCfg = Debug|x64
		{D7234B59-605E-448A-8E53-D7E19C6CF2B6}.Debug|x64.Build.0 = Debug|x64
		{D7234B59-605E-448A-8E53-D7E19C6CF2B6}.Debug|x86.ActiveCfg = Debug|x64
		{D7234B59-605E-448A-8E53-D7E19C6CF2B6}.Release|x64.ActiveCfg = Release|x64
		{D7234B59-605E-448A-8E53-D7E19C6CF2B6}.Release|x64.Build.0 = Release|x64
		{D7234B59-605E-448A-8E53-D7E19C6CF2B6}.Release|x86.ActiveCfg = Release|x64
		{53C4AED0-5B4A-4B7E-B35C-D0D01B7D760C}.Debug|x64.ActiveCfg = Debug|x64
		{53C4AED0-5B4A-4B7E-B35C-D0D01B7D760C}.Debug|x64.Build.0 = Debug|x64
		{53C4AED0-5B4A-4B7E-B35C-D0D01B7D760C}.Debug|x86.ActiveCfg = Debug|x64
		{53C4AED0-5B4A-4B7E-B35C-D0D01B7D760C}.Release|x64.ActiveCfg = Release|x64
		{53C4AED0-5B4A-4B7E-B35C-D0D01B7D760C}.Release|x64.Build.0 = Release|x64
		{53C4AED0-5B4A-4B7E-B35C-D0D01B7D760C}.Release|x86.ActiveCfg = Release|x64
		{C902CBC4-17CF-47BA-B10E-DA6F79032944}.Debug|x64.ActiveCfg = Debug|x64
		{C902CBC4-17CF-47BA-B10E-DA6F79032944}.Debug|x64.Build.0 = Debug|x64
		{C902CBC4-17CF-47BA-B10E-DA6F79032944}.Debug|x64.Deploy.0 = Debug|x64
		{C902CBC4-17CF-47BA-B10E-DA6F79032944}.Debug|x86.ActiveCfg = Debug|x64
		{C902CBC4-17CF-47BA-B10E-DA6F79032944}.Release|x64.ActiveCfg = Release|x64
		{C902CBC4-17CF-47BA-B10E-DA6F79032944}.Release|x64.Build.0 = Release|x64
		{C902CBC4-17CF-47BA-B10E-DA6F79032944}.Release|x64.Deploy.0 = Release|x64
		{C902CBC4-17CF-47BA-B10E-DA6F79032944}.Release|x86.ActiveCfg = Release|x64
		{EDACA061-B99E-45EF-BD6B-501FDE10B32B}.Debug|x64.ActiveCfg = Debug|x64
		{EDACA061-B99E-45EF-BD6B-501FDE10B32B}.Debug|x64.Build.0 = Debug|x64
		{EDACA061-B99E-45EF-BD6B-501FDE10B32B}.Debug|x86.ActiveCfg = Debug|x64
		{EDACA061-B99E-45EF-BD6B-501FDE10B32B}.Release|x64.ActiveCfg = Release|x64
		{EDACA061-B99E-45EF-BD6B-501FDE10B32B}.Release|x64.Build.0 = Release|x64
		{EDACA061-B99E-45EF-BD6B-501FDE10B32B}.Release|x86.ActiveCfg = Release|x64
		{39A725CE-075D-4CF0-9C42-EA5CF81D8411}.Debug|x64.ActiveCfg = Debug|x64
		{39A725CE-075D-4CF0-9C42-EA5CF81D8411}.Debug|x64.Build.0 = Debug|x64
		{39A725CE-075D-4CF0-9C42-EA5CF81D8411}.Debug|x86.ActiveCfg = Debug|x64
		{39A725CE-075D-4CF0-9C42-EA5CF81D8411}.Release|x64.ActiveCfg = Release|x64
		{39A725CE-075D-4CF0-9C42-EA5CF81D8411}.Release|x64.Build.0 = Release|x64
		{39A725CE-075D-4CF0-9C42-EA5CF81D8411}.Release|x86.ActiveCfg = Release|x64
		{754AD9DC-0D64-4EBC-AFCF-E541E47E66D9}.Debug|x64.ActiveCfg = Debug|x64
		{754AD9DC-0D64-4EBC-AFCF-E541E47E66D9}.Debug|x64.Build.0 = Debug|x64
		{754AD9DC-0D64-4EBC-AFCF-E541E47E66D9}.Debug|x86.ActiveCfg = Debug|x64
		{754AD9DC-0D64-4EBC-AFCF-E541E47E66D9}.Release|x64.ActiveCfg = Release|x64
		{754AD9DC-0D64-4EBC-AFCF-E541E47E66D9}.Release|x64.Build.0 = Release|x64
		{754AD9DC-0D64-4EBC-AFCF-E541E47E66D9}.Release|x86.ActiveCfg = Release|x64
		{6838AC1D-030D-41D8-9813-BE41EC46B7A2}.Debug|x64.ActiveCfg = Debug|x64
		{6838AC1D-030D-41D8-9813-BE41EC46B7A2}.Debug|x64.Build.0 = Debug|x64
		{6838AC1D-030D-41D8-9813-BE41EC46B7A2}.Debug|x86.ActiveCfg = Debug|x64
		{6838AC1D-030D-41D8-9813-BE41EC46B7A2}.Release|x64.ActiveCfg = Release|x64
		{6838AC1D-030D-41D8-9813-BE41EC46B7A2}.Release|x64.Build.0 = Release|x64
		{6838AC1D-030D-41D8-9813-BE41EC46B7A2}.Release|x86.ActiveCfg = Release|x64
	EndGlobalSection
	GlobalSection(SolutionProperties) = preSolution
		HideSolutionNode = FALSE
	EndGlobalSection
	GlobalSection(NestedProjects) = preSolution
		{D7234B59-605E-448A-8E53-D7E19C6CF2B6} = {C30D6B44-918A-4860-81BD-EDF76C36E3A2}
	EndGlobalSection
EndGlobal
