<?xml version="1.0" encoding="utf-8"?>
<Project ToolsVersion="4.0" xmlns="http://schemas.microsoft.com/developer/msbuild/2003">
  <ItemGroup>
    <Filter Include="リソース ファイル">
      <UniqueIdentifier>{67DA6AB6-F800-4c08-8B7A-83BB121AAD01}</UniqueIdentifier>
      <Extensions>rc;ico;cur;bmp;dlg;rc2;rct;bin;rgs;gif;jpg;jpeg;jpe;resx;tiff;tif;png;wav;mfcribbon-ms</Extensions>
    </Filter>
  </ItemGroup>
  <ItemGroup>
    <ClInclude Include="..\..\include\btrlib\AllocatedMemory.h" />
    <ClInclude Include="..\..\include\btrlib\cAudio.h" />
    <ClInclude Include="..\..\include\btrlib\cCamera.h" />
    <ClInclude Include="..\..\include\btrlib\cCmdPool.h" />
    <ClInclude Include="..\..\include\btrlib\cDebug.h" />
    <ClInclude Include="..\..\include\btrlib\cInput.h" />
    <ClInclude Include="..\..\include\btrlib\cModel.h" />
    <ClInclude Include="..\..\include\btrlib\cMotion.h" />
    <ClInclude Include="..\..\include\btrlib\Context.h" />
    <ClInclude Include="..\..\include\btrlib\cStopWatch.h" />
    <ClInclude Include="..\..\include\btrlib\cThreadPool.h" />
    <ClInclude Include="..\..\include\btrlib\cWindow.h" />
    <ClInclude Include="..\..\include\btrlib\Define.h" />
    <ClInclude Include="..\..\include\btrlib\DefineMath.h" />
    <ClInclude Include="..\..\include\btrlib\Module.h" />
    <ClInclude Include="..\..\include\btrlib\ResourceManager.h" />
    <ClInclude Include="..\..\include\btrlib\rTexture.h" />
    <ClInclude Include="..\..\include\btrlib\sDebug.h" />
    <ClInclude Include="..\..\include\btrlib\sGlobal.h" />
    <ClInclude Include="..\..\include\btrlib\Shape.h" />
    <ClInclude Include="..\..\include\btrlib\Singleton.h" />
    <ClInclude Include="..\..\include\btrlib\System.h" />
    <ClInclude Include="..\..\include\btrlib\texture.h" />
  </ItemGroup>
  <ItemGroup>
    <ClCompile Include="..\..\source\btrlib\AllocatedMemory.cpp" />
    <ClCompile Include="..\..\source\btrlib\cAudio.cpp" />
    <ClCompile Include="..\..\source\btrlib\cCamera.cpp" />
    <ClCompile Include="..\..\source\btrlib\cCmdPool.cpp" />
    <ClCompile Include="..\..\source\btrlib\cModel.cpp" />
    <ClCompile Include="..\..\source\btrlib\cWindow.cpp" />
    <ClCompile Include="..\..\source\btrlib\Define.cpp" />
    <ClCompile Include="..\..\source\btrlib\rTexture.cpp" />
    <ClCompile Include="..\..\source\btrlib\sDebug.cpp" />
    <ClCompile Include="..\..\source\btrlib\sGlobal.cpp" />
    <ClCompile Include="..\..\source\btrlib\Shape.cpp" />
    <ClCompile Include="..\..\source\btrlib\System.cpp" />
    <ClCompile Include="..\..\source\btrlib\texture.cpp" />
  </ItemGroup>
  <ItemGroup>
    <None Include="packages.config" />
  </ItemGroup>
</Project>