<?xml version="1.0" encoding="utf-8"?>
<Project ToolsVersion="4.0" xmlns="http://schemas.microsoft.com/developer/msbuild/2003">
  <ItemGroup>
    <Filter Include="リソース ファイル">
      <UniqueIdentifier>{67DA6AB6-F800-4c08-8B7A-83BB121AAD01}</UniqueIdentifier>
      <Extensions>rc;ico;cur;bmp;dlg;rc2;rct;bin;rgs;gif;jpg;jpeg;jpe;resx;tiff;tif;png;wav;mfcribbon-ms</Extensions>
    </Filter>
  </ItemGroup>
  <ItemGroup>
    <None Include="packages.config" />
  </ItemGroup>
  <ItemGroup>
    <ClCompile Include="..\..\source\003_particle\003_main.cpp" />
    <ClCompile Include="..\..\source\003_particle\emps.cpp" />
    <ClCompile Include="..\..\source\003_particle\emps2.cpp" />
    <ClCompile Include="..\..\source\003_particle\imps.cpp" />
  </ItemGroup>
  <ItemGroup>
    <ClInclude Include="..\..\include\003_particle\particle.h" />
    <ClInclude Include="..\..\include\003_particle\emps.h" />
    <ClInclude Include="..\..\include\003_particle\imps.h" />
  </ItemGroup>
</Project>